
Microsoft Visual Studio Solution File, Format Version 12.00
# Visual Studio Version 17
VisualStudioVersion = 17.5.002.0
MinimumVisualStudioVersion = 10.0.40219.1
Project("{9A19103F-16F7-4668-BE54-9A1E7A4F7556}") = "mycode", "mycode.csproj", "{6150D4C9-7D36-4479-A877-245D9FC4BFE3}"
EndProject
Global
	GlobalSection(SolutionConfigurationPlatforms) = preSolution
		Debug|Any CPU = Debug|Any CPU
		Release|Any CPU = Release|Any CPU
	EndGlobalSection
	GlobalSection(ProjectConfigurationPlatforms) = postSolution
		{6150D4C9-7D36-4479-A877-245D9FC4BFE3}.Debug|Any CPU.ActiveCfg = Debug|Any CPU
		{6150D4C9-7D36-4479-A877-245D9FC4BFE3}.Debug|Any CPU.Build.0 = Debug|Any CPU
		{6150D4C9-7D36-4479-A877-245D9FC4BFE3}.Release|Any CPU.ActiveCfg = Release|Any CPU
		{6150D4C9-7D36-4479-A877-245D9FC4BFE3}.Release|Any CPU.Build.0 = Release|Any CPU
	EndGlobalSection
	GlobalSection(SolutionProperties) = preSolution
		HideSolutionNode = FALSE
	EndGlobalSection
	GlobalSection(ExtensibilityGlobals) = postSolution
		SolutionGuid = {88C782FF-B478-4868-90B2-FED58910BBE7}
	EndGlobalSection
EndGlobal
